// !$*UTF8*$!
{
	archiveVersion = 1;
	classes = {
	};
	objectVersion = 46;
	objects = {

/* Begin PBXBuildFile section */
		4B1D2667FDB494A69078F091 /* libPods-我的网易新闻UITests.a in Frameworks */ = {isa = PBXBuildFile; fileRef = A5B195371AD5E6AB4DEF4FFD /* libPods-我的网易新闻UITests.a */; };
		58100D06FF71764AA0CFF6EF /* libPods-我的网易新闻.a in Frameworks */ = {isa = PBXBuildFile; fileRef = 1039C7ECB41A5D622161DA6A /* libPods-我的网易新闻.a */; };
		AD0E843A1D10F7DA00F44B61 /* HMLoopView.m in Sources */ = {isa = PBXBuildFile; fileRef = AD0E84391D10F7DA00F44B61 /* HMLoopView.m */; };
		AD0E843D1D10F9A500F44B61 /* HMNetworkTool.m in Sources */ = {isa = PBXBuildFile; fileRef = AD0E843C1D10F9A500F44B61 /* HMNetworkTool.m */; };
		AD0E84401D10FB8B00F44B61 /* HMLoop.m in Sources */ = {isa = PBXBuildFile; fileRef = AD0E843F1D10FB8B00F44B61 /* HMLoop.m */; };
		AD0E848A1D11298100F44B61 /* HMCollectionViewFlowLayout.m in Sources */ = {isa = PBXBuildFile; fileRef = AD0E84891D11298100F44B61 /* HMCollectionViewFlowLayout.m */; };
		AD0E848D1D112BEE00F44B61 /* HMCollectionViewCell.m in Sources */ = {isa = PBXBuildFile; fileRef = AD0E848C1D112BEE00F44B61 /* HMCollectionViewCell.m */; };
		AD0E84901D11915500F44B61 /* HMNews.m in Sources */ = {isa = PBXBuildFile; fileRef = AD0E848F1D11915500F44B61 /* HMNews.m */; };
		AD0E84941D11932D00F44B61 /* HMNewsCell.m in Sources */ = {isa = PBXBuildFile; fileRef = AD0E84921D11932D00F44B61 /* HMNewsCell.m */; };
		AD0E84951D11932D00F44B61 /* HMNewsCell.xib in Resources */ = {isa = PBXBuildFile; fileRef = AD0E84931D11932D00F44B61 /* HMNewsCell.xib */; };
		AD0E84971D119FB600F44B61 /* HMNewsBigImage.xib in Resources */ = {isa = PBXBuildFile; fileRef = AD0E84961D119FB600F44B61 /* HMNewsBigImage.xib */; };
		AD0E84991D11A1B700F44B61 /* HMNewsCellThreeImage.xib in Resources */ = {isa = PBXBuildFile; fileRef = AD0E84981D11A1B700F44B61 /* HMNewsCellThreeImage.xib */; };
		AD3AA7C11D101A8300C70F82 /* main.m in Sources */ = {isa = PBXBuildFile; fileRef = AD3AA7C01D101A8300C70F82 /* main.m */; };
		AD3AA7C41D101A8300C70F82 /* AppDelegate.m in Sources */ = {isa = PBXBuildFile; fileRef = AD3AA7C31D101A8300C70F82 /* AppDelegate.m */; };
		AD3AA7CC1D101A8300C70F82 /* Assets.xcassets in Resources */ = {isa = PBXBuildFile; fileRef = AD3AA7CB1D101A8300C70F82 /* Assets.xcassets */; };
		AD3AA7CF1D101A8300C70F82 /* LaunchScreen.storyboard in Resources */ = {isa = PBXBuildFile; fileRef = AD3AA7CD1D101A8300C70F82 /* LaunchScreen.storyboard */; };
		AD3AA7DA1D101A8300C70F82 /* ______Tests.m in Sources */ = {isa = PBXBuildFile; fileRef = AD3AA7D91D101A8300C70F82 /* ______Tests.m */; };
		AD3AA7E51D101A8300C70F82 /* ______UITests.m in Sources */ = {isa = PBXBuildFile; fileRef = AD3AA7E41D101A8300C70F82 /* ______UITests.m */; };
		AD3AA8031D101DE000C70F82 /* HMNavigationController.m in Sources */ = {isa = PBXBuildFile; fileRef = AD3AA8021D101DE000C70F82 /* HMNavigationController.m */; };
		AD3AA8061D101EB800C70F82 /* HMHeadLineController.m in Sources */ = {isa = PBXBuildFile; fileRef = AD3AA8051D101EB800C70F82 /* HMHeadLineController.m */; };
		AD3AA80A1D101FE700C70F82 /* HMMainViewController.m in Sources */ = {isa = PBXBuildFile; fileRef = AD3AA8091D101FE700C70F82 /* HMMainViewController.m */; };
		AD3AA8541D10216700C70F82 /* NSObject+Log.m in Sources */ = {isa = PBXBuildFile; fileRef = AD3AA8531D10216700C70F82 /* NSObject+Log.m */; };
		AD3AA8561D1024AC00C70F82 /* topic_news.json in Resources */ = {isa = PBXBuildFile; fileRef = AD3AA8551D1024AC00C70F82 /* topic_news.json */; };
		AD3AA8591D10252600C70F82 /* HMChannel.m in Sources */ = {isa = PBXBuildFile; fileRef = AD3AA8581D10252600C70F82 /* HMChannel.m */; };
		AD3AA85C1D102E6900C70F82 /* HMLable.m in Sources */ = {isa = PBXBuildFile; fileRef = AD3AA85B1D102E6900C70F82 /* HMLable.m */; };
		C809D2ABF9BB89337C656D2C /* libPods-我的网易新闻Tests.a in Frameworks */ = {isa = PBXBuildFile; fileRef = 2102C13171796D0B8FD68F49 /* libPods-我的网易新闻Tests.a */; };
/* End PBXBuildFile section */

/* Begin PBXContainerItemProxy section */
		AD3AA7D61D101A8300C70F82 /* PBXContainerItemProxy */ = {
			isa = PBXContainerItemProxy;
			containerPortal = AD3AA7B41D101A8300C70F82 /* Project object */;
			proxyType = 1;
			remoteGlobalIDString = AD3AA7BB1D101A8300C70F82;
			remoteInfo = "我的网易新闻";
		};
		AD3AA7E11D101A8300C70F82 /* PBXContainerItemProxy */ = {
			isa = PBXContainerItemProxy;
			containerPortal = AD3AA7B41D101A8300C70F82 /* Project object */;
			proxyType = 1;
			remoteGlobalIDString = AD3AA7BB1D101A8300C70F82;
			remoteInfo = "我的网易新闻";
		};
/* End PBXContainerItemProxy section */

/* Begin PBXFileReference section */
		1039C7ECB41A5D622161DA6A /* libPods-我的网易新闻.a */ = {isa = PBXFileReference; explicitFileType = archive.ar; includeInIndex = 0; path = "libPods-我的网易新闻.a"; sourceTree = BUILT_PRODUCTS_DIR; };
		2102C13171796D0B8FD68F49 /* libPods-我的网易新闻Tests.a */ = {isa = PBXFileReference; explicitFileType = archive.ar; includeInIndex = 0; path = "libPods-我的网易新闻Tests.a"; sourceTree = BUILT_PRODUCTS_DIR; };
		549ABE7E72056E4244A8685C /* Pods-我的网易新闻UITests.debug.xcconfig */ = {isa = PBXFileReference; includeInIndex = 1; lastKnownFileType = text.xcconfig; name = "Pods-我的网易新闻UITests.debug.xcconfig"; path = "Pods/Target Support Files/Pods-我的网易新闻UITests/Pods-我的网易新闻UITests.debug.xcconfig"; sourceTree = "<group>"; };
		74C75FFE79011CFC5B22B05A /* Pods-我的网易新闻Tests.debug.xcconfig */ = {isa = PBXFileReference; includeInIndex = 1; lastKnownFileType = text.xcconfig; name = "Pods-我的网易新闻Tests.debug.xcconfig"; path = "Pods/Target Support Files/Pods-我的网易新闻Tests/Pods-我的网易新闻Tests.debug.xcconfig"; sourceTree = "<group>"; };
		9D10E3A5FB6272E5B65383A9 /* Pods-我的网易新闻.release.xcconfig */ = {isa = PBXFileReference; includeInIndex = 1; lastKnownFileType = text.xcconfig; name = "Pods-我的网易新闻.release.xcconfig"; path = "Pods/Target Support Files/Pods-我的网易新闻/Pods-我的网易新闻.release.xcconfig"; sourceTree = "<group>"; };
		A5B195371AD5E6AB4DEF4FFD /* libPods-我的网易新闻UITests.a */ = {isa = PBXFileReference; explicitFileType = archive.ar; includeInIndex = 0; path = "libPods-我的网易新闻UITests.a"; sourceTree = BUILT_PRODUCTS_DIR; };
		AD0E84381D10F7DA00F44B61 /* HMLoopView.h */ = {isa = PBXFileReference; fileEncoding = 4; lastKnownFileType = sourcecode.c.h; path = HMLoopView.h; sourceTree = "<group>"; };
		AD0E84391D10F7DA00F44B61 /* HMLoopView.m */ = {isa = PBXFileReference; fileEncoding = 4; lastKnownFileType = sourcecode.c.objc; path = HMLoopView.m; sourceTree = "<group>"; };
		AD0E843B1D10F9A500F44B61 /* HMNetworkTool.h */ = {isa = PBXFileReference; fileEncoding = 4; lastKnownFileType = sourcecode.c.h; path = HMNetworkTool.h; sourceTree = "<group>"; };
		AD0E843C1D10F9A500F44B61 /* HMNetworkTool.m */ = {isa = PBXFileReference; fileEncoding = 4; lastKnownFileType = sourcecode.c.objc; path = HMNetworkTool.m; sourceTree = "<group>"; };
		AD0E843E1D10FB8B00F44B61 /* HMLoop.h */ = {isa = PBXFileReference; fileEncoding = 4; lastKnownFileType = sourcecode.c.h; name = HMLoop.h; path = ../../Models/HMLoop.h; sourceTree = "<group>"; };
		AD0E843F1D10FB8B00F44B61 /* HMLoop.m */ = {isa = PBXFileReference; fileEncoding = 4; lastKnownFileType = sourcecode.c.objc; name = HMLoop.m; path = ../../Models/HMLoop.m; sourceTree = "<group>"; };
		AD0E84881D11298100F44B61 /* HMCollectionViewFlowLayout.h */ = {isa = PBXFileReference; fileEncoding = 4; lastKnownFileType = sourcecode.c.h; path = HMCollectionViewFlowLayout.h; sourceTree = "<group>"; };
		AD0E84891D11298100F44B61 /* HMCollectionViewFlowLayout.m */ = {isa = PBXFileReference; fileEncoding = 4; lastKnownFileType = sourcecode.c.objc; path = HMCollectionViewFlowLayout.m; sourceTree = "<group>"; };
		AD0E848B1D112BEE00F44B61 /* HMCollectionViewCell.h */ = {isa = PBXFileReference; fileEncoding = 4; lastKnownFileType = sourcecode.c.h; path = HMCollectionViewCell.h; sourceTree = "<group>"; };
		AD0E848C1D112BEE00F44B61 /* HMCollectionViewCell.m */ = {isa = PBXFileReference; fileEncoding = 4; lastKnownFileType = sourcecode.c.objc; path = HMCollectionViewCell.m; sourceTree = "<group>"; };
		AD0E848E1D11915500F44B61 /* HMNews.h */ = {isa = PBXFileReference; fileEncoding = 4; lastKnownFileType = sourcecode.c.h; path = HMNews.h; sourceTree = "<group>"; };
		AD0E848F1D11915500F44B61 /* HMNews.m */ = {isa = PBXFileReference; fileEncoding = 4; lastKnownFileType = sourcecode.c.objc; path = HMNews.m; sourceTree = "<group>"; };
		AD0E84911D11932D00F44B61 /* HMNewsCell.h */ = {isa = PBXFileReference; fileEncoding = 4; lastKnownFileType = sourcecode.c.h; path = HMNewsCell.h; sourceTree = "<group>"; };
		AD0E84921D11932D00F44B61 /* HMNewsCell.m */ = {isa = PBXFileReference; fileEncoding = 4; lastKnownFileType = sourcecode.c.objc; path = HMNewsCell.m; sourceTree = "<group>"; };
		AD0E84931D11932D00F44B61 /* HMNewsCell.xib */ = {isa = PBXFileReference; fileEncoding = 4; lastKnownFileType = file.xib; path = HMNewsCell.xib; sourceTree = "<group>"; };
		AD0E84961D119FB600F44B61 /* HMNewsBigImage.xib */ = {isa = PBXFileReference; fileEncoding = 4; lastKnownFileType = file.xib; path = HMNewsBigImage.xib; sourceTree = "<group>"; };
		AD0E84981D11A1B700F44B61 /* HMNewsCellThreeImage.xib */ = {isa = PBXFileReference; fileEncoding = 4; lastKnownFileType = file.xib; path = HMNewsCellThreeImage.xib; sourceTree = "<group>"; };
		AD3AA7BC1D101A8300C70F82 /* 我的网易新闻.app */ = {isa = PBXFileReference; explicitFileType = wrapper.application; includeInIndex = 0; path = "我的网易新闻.app"; sourceTree = BUILT_PRODUCTS_DIR; };
		AD3AA7C01D101A8300C70F82 /* main.m */ = {isa = PBXFileReference; lastKnownFileType = sourcecode.c.objc; path = main.m; sourceTree = "<group>"; };
		AD3AA7C21D101A8300C70F82 /* AppDelegate.h */ = {isa = PBXFileReference; lastKnownFileType = sourcecode.c.h; path = AppDelegate.h; sourceTree = "<group>"; };
		AD3AA7C31D101A8300C70F82 /* AppDelegate.m */ = {isa = PBXFileReference; lastKnownFileType = sourcecode.c.objc; path = AppDelegate.m; sourceTree = "<group>"; };
		AD3AA7CB1D101A8300C70F82 /* Assets.xcassets */ = {isa = PBXFileReference; lastKnownFileType = folder.assetcatalog; path = Assets.xcassets; sourceTree = "<group>"; };
		AD3AA7CE1D101A8300C70F82 /* Base */ = {isa = PBXFileReference; lastKnownFileType = file.storyboard; name = Base; path = Base.lproj/LaunchScreen.storyboard; sourceTree = "<group>"; };
		AD3AA7D01D101A8300C70F82 /* Info.plist */ = {isa = PBXFileReference; lastKnownFileType = text.plist.xml; path = Info.plist; sourceTree = "<group>"; };
		AD3AA7D51D101A8300C70F82 /* 我的网易新闻Tests.xctest */ = {isa = PBXFileReference; explicitFileType = wrapper.cfbundle; includeInIndex = 0; path = "我的网易新闻Tests.xctest"; sourceTree = BUILT_PRODUCTS_DIR; };
		AD3AA7D91D101A8300C70F82 /* ______Tests.m */ = {isa = PBXFileReference; lastKnownFileType = sourcecode.c.objc; path = "______Tests.m"; sourceTree = "<group>"; };
		AD3AA7DB1D101A8300C70F82 /* Info.plist */ = {isa = PBXFileReference; lastKnownFileType = text.plist.xml; path = Info.plist; sourceTree = "<group>"; };
		AD3AA7E01D101A8300C70F82 /* 我的网易新闻UITests.xctest */ = {isa = PBXFileReference; explicitFileType = wrapper.cfbundle; includeInIndex = 0; path = "我的网易新闻UITests.xctest"; sourceTree = BUILT_PRODUCTS_DIR; };
		AD3AA7E41D101A8300C70F82 /* ______UITests.m */ = {isa = PBXFileReference; lastKnownFileType = sourcecode.c.objc; path = "______UITests.m"; sourceTree = "<group>"; };
		AD3AA7E61D101A8300C70F82 /* Info.plist */ = {isa = PBXFileReference; lastKnownFileType = text.plist.xml; path = Info.plist; sourceTree = "<group>"; };
		AD3AA8011D101DE000C70F82 /* HMNavigationController.h */ = {isa = PBXFileReference; fileEncoding = 4; lastKnownFileType = sourcecode.c.h; path = HMNavigationController.h; sourceTree = "<group>"; };
		AD3AA8021D101DE000C70F82 /* HMNavigationController.m */ = {isa = PBXFileReference; fileEncoding = 4; lastKnownFileType = sourcecode.c.objc; path = HMNavigationController.m; sourceTree = "<group>"; };
		AD3AA8041D101EB800C70F82 /* HMHeadLineController.h */ = {isa = PBXFileReference; fileEncoding = 4; lastKnownFileType = sourcecode.c.h; path = HMHeadLineController.h; sourceTree = "<group>"; };
		AD3AA8051D101EB800C70F82 /* HMHeadLineController.m */ = {isa = PBXFileReference; fileEncoding = 4; lastKnownFileType = sourcecode.c.objc; path = HMHeadLineController.m; sourceTree = "<group>"; };
		AD3AA8081D101FE700C70F82 /* HMMainViewController.h */ = {isa = PBXFileReference; fileEncoding = 4; lastKnownFileType = sourcecode.c.h; path = HMMainViewController.h; sourceTree = "<group>"; };
		AD3AA8091D101FE700C70F82 /* HMMainViewController.m */ = {isa = PBXFileReference; fileEncoding = 4; lastKnownFileType = sourcecode.c.objc; path = HMMainViewController.m; sourceTree = "<group>"; };
		AD3AA8521D10216700C70F82 /* NSObject+Log.h */ = {isa = PBXFileReference; fileEncoding = 4; lastKnownFileType = sourcecode.c.h; path = "NSObject+Log.h"; sourceTree = "<group>"; };
		AD3AA8531D10216700C70F82 /* NSObject+Log.m */ = {isa = PBXFileReference; fileEncoding = 4; lastKnownFileType = sourcecode.c.objc; path = "NSObject+Log.m"; sourceTree = "<group>"; };
		AD3AA8551D1024AC00C70F82 /* topic_news.json */ = {isa = PBXFileReference; fileEncoding = 4; lastKnownFileType = text.json; path = topic_news.json; sourceTree = "<group>"; };
		AD3AA8571D10252600C70F82 /* HMChannel.h */ = {isa = PBXFileReference; fileEncoding = 4; lastKnownFileType = sourcecode.c.h; path = HMChannel.h; sourceTree = "<group>"; };
		AD3AA8581D10252600C70F82 /* HMChannel.m */ = {isa = PBXFileReference; fileEncoding = 4; lastKnownFileType = sourcecode.c.objc; path = HMChannel.m; sourceTree = "<group>"; };
		AD3AA85A1D102E6900C70F82 /* HMLable.h */ = {isa = PBXFileReference; fileEncoding = 4; lastKnownFileType = sourcecode.c.h; path = HMLable.h; sourceTree = "<group>"; };
		AD3AA85B1D102E6900C70F82 /* HMLable.m */ = {isa = PBXFileReference; fileEncoding = 4; lastKnownFileType = sourcecode.c.objc; path = HMLable.m; sourceTree = "<group>"; };
		B6ADE40AD1843EC3BD5DB9F4 /* Pods-我的网易新闻UITests.release.xcconfig */ = {isa = PBXFileReference; includeInIndex = 1; lastKnownFileType = text.xcconfig; name = "Pods-我的网易新闻UITests.release.xcconfig"; path = "Pods/Target Support Files/Pods-我的网易新闻UITests/Pods-我的网易新闻UITests.release.xcconfig"; sourceTree = "<group>"; };
		F07526801BEADCB44ED5FB82 /* Pods-我的网易新闻Tests.release.xcconfig */ = {isa = PBXFileReference; includeInIndex = 1; lastKnownFileType = text.xcconfig; name = "Pods-我的网易新闻Tests.release.xcconfig"; path = "Pods/Target Support Files/Pods-我的网易新闻Tests/Pods-我的网易新闻Tests.release.xcconfig"; sourceTree = "<group>"; };
		FF0AF4B5DDE8A6A3A8316CE6 /* Pods-我的网易新闻.debug.xcconfig */ = {isa = PBXFileReference; includeInIndex = 1; lastKnownFileType = text.xcconfig; name = "Pods-我的网易新闻.debug.xcconfig"; path = "Pods/Target Support Files/Pods-我的网易新闻/Pods-我的网易新闻.debug.xcconfig"; sourceTree = "<group>"; };
/* End PBXFileReference section */

/* Begin PBXFrameworksBuildPhase section */
		AD3AA7B91D101A8300C70F82 /* Frameworks */ = {
			isa = PBXFrameworksBuildPhase;
			buildActionMask = 2147483647;
			files = (
				58100D06FF71764AA0CFF6EF /* libPods-我的网易新闻.a in Frameworks */,
			);
			runOnlyForDeploymentPostprocessing = 0;
		};
		AD3AA7D21D101A8300C70F82 /* Frameworks */ = {
			isa = PBXFrameworksBuildPhase;
			buildActionMask = 2147483647;
			files = (
				C809D2ABF9BB89337C656D2C /* libPods-我的网易新闻Tests.a in Frameworks */,
			);
			runOnlyForDeploymentPostprocessing = 0;
		};
		AD3AA7DD1D101A8300C70F82 /* Frameworks */ = {
			isa = PBXFrameworksBuildPhase;
			buildActionMask = 2147483647;
			files = (
				4B1D2667FDB494A69078F091 /* libPods-我的网易新闻UITests.a in Frameworks */,
			);
			runOnlyForDeploymentPostprocessing = 0;
		};
/* End PBXFrameworksBuildPhase section */

/* Begin PBXGroup section */
		033920721B93EFC40E062F27 /* Pods */ = {
			isa = PBXGroup;
			children = (
				FF0AF4B5DDE8A6A3A8316CE6 /* Pods-我的网易新闻.debug.xcconfig */,
				9D10E3A5FB6272E5B65383A9 /* Pods-我的网易新闻.release.xcconfig */,
				74C75FFE79011CFC5B22B05A /* Pods-我的网易新闻Tests.debug.xcconfig */,
				F07526801BEADCB44ED5FB82 /* Pods-我的网易新闻Tests.release.xcconfig */,
				549ABE7E72056E4244A8685C /* Pods-我的网易新闻UITests.debug.xcconfig */,
				B6ADE40AD1843EC3BD5DB9F4 /* Pods-我的网易新闻UITests.release.xcconfig */,
			);
			name = Pods;
			sourceTree = "<group>";
		};
		AD0E84871D111BB700F44B61 /* Models */ = {
			isa = PBXGroup;
			children = (
				AD0E843E1D10FB8B00F44B61 /* HMLoop.h */,
				AD0E843F1D10FB8B00F44B61 /* HMLoop.m */,
			);
			name = Models;
			sourceTree = "<group>";
		};
		AD3AA7B31D101A8300C70F82 = {
			isa = PBXGroup;
			children = (
				AD3AA7BE1D101A8300C70F82 /* 我的网易新闻 */,
				AD3AA7D81D101A8300C70F82 /* 我的网易新闻Tests */,
				AD3AA7E31D101A8300C70F82 /* 我的网易新闻UITests */,
				AD3AA7BD1D101A8300C70F82 /* Products */,
				033920721B93EFC40E062F27 /* Pods */,
				E6521E1DFAAB77F128993EDB /* Frameworks */,
			);
			sourceTree = "<group>";
		};
		AD3AA7BD1D101A8300C70F82 /* Products */ = {
			isa = PBXGroup;
			children = (
				AD3AA7BC1D101A8300C70F82 /* 我的网易新闻.app */,
				AD3AA7D51D101A8300C70F82 /* 我的网易新闻Tests.xctest */,
				AD3AA7E01D101A8300C70F82 /* 我的网易新闻UITests.xctest */,
			);
			name = Products;
			sourceTree = "<group>";
		};
		AD3AA7BE1D101A8300C70F82 /* 我的网易新闻 */ = {
			isa = PBXGroup;
			children = (
				AD3AA7F21D101D1000C70F82 /* Class */,
				AD3AA7C21D101A8300C70F82 /* AppDelegate.h */,
				AD3AA7C31D101A8300C70F82 /* AppDelegate.m */,
				AD3AA7BF1D101A8300C70F82 /* Supporting Files */,
			);
			path = "我的网易新闻";
			sourceTree = "<group>";
		};
		AD3AA7BF1D101A8300C70F82 /* Supporting Files */ = {
			isa = PBXGroup;
			children = (
				AD3AA7CB1D101A8300C70F82 /* Assets.xcassets */,
				AD3AA7CD1D101A8300C70F82 /* LaunchScreen.storyboard */,
				AD3AA7D01D101A8300C70F82 /* Info.plist */,
				AD3AA7C01D101A8300C70F82 /* main.m */,
			);
			name = "Supporting Files";
			sourceTree = "<group>";
		};
		AD3AA7D81D101A8300C70F82 /* 我的网易新闻Tests */ = {
			isa = PBXGroup;
			children = (
				AD3AA7D91D101A8300C70F82 /* ______Tests.m */,
				AD3AA7DB1D101A8300C70F82 /* Info.plist */,
			);
			path = "我的网易新闻Tests";
			sourceTree = "<group>";
		};
		AD3AA7E31D101A8300C70F82 /* 我的网易新闻UITests */ = {
			isa = PBXGroup;
			children = (
				AD3AA7E41D101A8300C70F82 /* ______UITests.m */,
				AD3AA7E61D101A8300C70F82 /* Info.plist */,
			);
			path = "我的网易新闻UITests";
			sourceTree = "<group>";
		};
		AD3AA7F21D101D1000C70F82 /* Class */ = {
			isa = PBXGroup;
			children = (
				AD3AA7FF1D101D8A00C70F82 /* HMTools(工具类) */,
				AD3AA8001D101D8A00C70F82 /* Others(其他) */,
				AD3AA7F31D101D1000C70F82 /* HMHeadLine(头条) */,
				AD3AA7F81D101D1000C70F82 /* HMMain (主要) */,
			);
			path = Class;
			sourceTree = "<group>";
		};
		AD3AA7F31D101D1000C70F82 /* HMHeadLine(头条) */ = {
			isa = PBXGroup;
			children = (
				AD3AA7F41D101D1000C70F82 /* Controllers */,
				AD3AA7F51D101D1000C70F82 /* Models */,
				AD3AA7F61D101D1000C70F82 /* Others */,
				AD3AA7F71D101D1000C70F82 /* Views */,
			);
			path = "HMHeadLine(头条)";
			sourceTree = "<group>";
		};
		AD3AA7F41D101D1000C70F82 /* Controllers */ = {
			isa = PBXGroup;
			children = (
				AD3AA8041D101EB800C70F82 /* HMHeadLineController.h */,
				AD3AA8051D101EB800C70F82 /* HMHeadLineController.m */,
			);
			path = Controllers;
			sourceTree = "<group>";
		};
		AD3AA7F51D101D1000C70F82 /* Models */ = {
			isa = PBXGroup;
			children = (
				AD0E848E1D11915500F44B61 /* HMNews.h */,
				AD0E848F1D11915500F44B61 /* HMNews.m */,
			);
			path = Models;
			sourceTree = "<group>";
		};
		AD3AA7F61D101D1000C70F82 /* Others */ = {
			isa = PBXGroup;
			children = (
			);
			path = Others;
			sourceTree = "<group>";
		};
		AD3AA7F71D101D1000C70F82 /* Views */ = {
			isa = PBXGroup;
			children = (
				AD3AA8071D101F9E00C70F82 /* HMLoopView */,
				AD0E84911D11932D00F44B61 /* HMNewsCell.h */,
				AD0E84921D11932D00F44B61 /* HMNewsCell.m */,
				AD0E84931D11932D00F44B61 /* HMNewsCell.xib */,
				AD0E84961D119FB600F44B61 /* HMNewsBigImage.xib */,
				AD0E84981D11A1B700F44B61 /* HMNewsCellThreeImage.xib */,
			);
			path = Views;
			sourceTree = "<group>";
		};
		AD3AA7F81D101D1000C70F82 /* HMMain (主要) */ = {
			isa = PBXGroup;
			children = (
				AD3AA7F91D101D1000C70F82 /* Controllers */,
				AD3AA7FA1D101D1000C70F82 /* Models */,
				AD3AA7FB1D101D1000C70F82 /* Others */,
				AD3AA7FC1D101D1000C70F82 /* Views */,
			);
			path = "HMMain (主要)";
			sourceTree = "<group>";
		};
		AD3AA7F91D101D1000C70F82 /* Controllers */ = {
			isa = PBXGroup;
			children = (
				AD3AA8011D101DE000C70F82 /* HMNavigationController.h */,
				AD3AA8021D101DE000C70F82 /* HMNavigationController.m */,
				AD3AA8081D101FE700C70F82 /* HMMainViewController.h */,
				AD3AA8091D101FE700C70F82 /* HMMainViewController.m */,
			);
			path = Controllers;
			sourceTree = "<group>";
		};
		AD3AA7FA1D101D1000C70F82 /* Models */ = {
			isa = PBXGroup;
			children = (
				AD3AA8571D10252600C70F82 /* HMChannel.h */,
				AD3AA8581D10252600C70F82 /* HMChannel.m */,
			);
			path = Models;
			sourceTree = "<group>";
		};
		AD3AA7FB1D101D1000C70F82 /* Others */ = {
			isa = PBXGroup;
			children = (
				AD3AA8551D1024AC00C70F82 /* topic_news.json */,
			);
			path = Others;
			sourceTree = "<group>";
		};
		AD3AA7FC1D101D1000C70F82 /* Views */ = {
			isa = PBXGroup;
			children = (
				AD3AA85A1D102E6900C70F82 /* HMLable.h */,
				AD3AA85B1D102E6900C70F82 /* HMLable.m */,
			);
			path = Views;
			sourceTree = "<group>";
		};
		AD3AA7FF1D101D8A00C70F82 /* HMTools(工具类) */ = {
			isa = PBXGroup;
			children = (
				AD3AA8521D10216700C70F82 /* NSObject+Log.h */,
				AD3AA8531D10216700C70F82 /* NSObject+Log.m */,
				AD0E843B1D10F9A500F44B61 /* HMNetworkTool.h */,
				AD0E843C1D10F9A500F44B61 /* HMNetworkTool.m */,
			);
			path = "HMTools(工具类)";
			sourceTree = "<group>";
		};
		AD3AA8001D101D8A00C70F82 /* Others(其他) */ = {
			isa = PBXGroup;
			children = (
			);
			path = "Others(其他)";
			sourceTree = "<group>";
		};
		AD3AA8071D101F9E00C70F82 /* HMLoopView */ = {
			isa = PBXGroup;
			children = (
				AD0E84871D111BB700F44B61 /* Models */,
				AD0E84381D10F7DA00F44B61 /* HMLoopView.h */,
				AD0E84391D10F7DA00F44B61 /* HMLoopView.m */,
				AD0E84881D11298100F44B61 /* HMCollectionViewFlowLayout.h */,
				AD0E84891D11298100F44B61 /* HMCollectionViewFlowLayout.m */,
				AD0E848B1D112BEE00F44B61 /* HMCollectionViewCell.h */,
				AD0E848C1D112BEE00F44B61 /* HMCollectionViewCell.m */,
			);
			path = HMLoopView;
			sourceTree = "<group>";
		};
		E6521E1DFAAB77F128993EDB /* Frameworks */ = {
			isa = PBXGroup;
			children = (
				1039C7ECB41A5D622161DA6A /* libPods-我的网易新闻.a */,
				2102C13171796D0B8FD68F49 /* libPods-我的网易新闻Tests.a */,
				A5B195371AD5E6AB4DEF4FFD /* libPods-我的网易新闻UITests.a */,
			);
			name = Frameworks;
			sourceTree = "<group>";
		};
/* End PBXGroup section */

/* Begin PBXNativeTarget section */
		AD3AA7BB1D101A8300C70F82 /* 我的网易新闻 */ = {
			isa = PBXNativeTarget;
			buildConfigurationList = AD3AA7E91D101A8300C70F82 /* Build configuration list for PBXNativeTarget "我的网易新闻" */;
			buildPhases = (
				6BFAA794AFAFDE5BCDFD0DCE /* [CP] Check Pods Manifest.lock */,
				AD3AA7B81D101A8300C70F82 /* Sources */,
				AD3AA7B91D101A8300C70F82 /* Frameworks */,
				AD3AA7BA1D101A8300C70F82 /* Resources */,
				C65AF52A4D6713F1243CFAB6 /* [CP] Embed Pods Frameworks */,
				AE7459FC5692429396E63D90 /* [CP] Copy Pods Resources */,
			);
			buildRules = (
			);
			dependencies = (
			);
			name = "我的网易新闻";
			productName = "我的网易新闻";
			productReference = AD3AA7BC1D101A8300C70F82 /* 我的网易新闻.app */;
			productType = "com.apple.product-type.application";
		};
		AD3AA7D41D101A8300C70F82 /* 我的网易新闻Tests */ = {
			isa = PBXNativeTarget;
			buildConfigurationList = AD3AA7EC1D101A8300C70F82 /* Build configuration list for PBXNativeTarget "我的网易新闻Tests" */;
			buildPhases = (
				FF7FB9E2EFE1FD4FEF98C614 /* [CP] Check Pods Manifest.lock */,
				AD3AA7D11D101A8300C70F82 /* Sources */,
				AD3AA7D21D101A8300C70F82 /* Frameworks */,
				AD3AA7D31D101A8300C70F82 /* Resources */,
				B02530A263AB63453D5710AA /* [CP] Embed Pods Frameworks */,
				C7D642AA9B9AB882B5FB1777 /* [CP] Copy Pods Resources */,
			);
			buildRules = (
			);
			dependencies = (
				AD3AA7D71D101A8300C70F82 /* PBXTargetDependency */,
			);
			name = "我的网易新闻Tests";
			productName = "我的网易新闻Tests";
			productReference = AD3AA7D51D101A8300C70F82 /* 我的网易新闻Tests.xctest */;
			productType = "com.apple.product-type.bundle.unit-test";
		};
		AD3AA7DF1D101A8300C70F82 /* 我的网易新闻UITests */ = {
			isa = PBXNativeTarget;
			buildConfigurationList = AD3AA7EF1D101A8300C70F82 /* Build configuration list for PBXNativeTarget "我的网易新闻UITests" */;
			buildPhases = (
				09B1D8C245D5796D87C2B162 /* [CP] Check Pods Manifest.lock */,
				AD3AA7DC1D101A8300C70F82 /* Sources */,
				AD3AA7DD1D101A8300C70F82 /* Frameworks */,
				AD3AA7DE1D101A8300C70F82 /* Resources */,
				7978493C893C1152AEE9B6F1 /* [CP] Copy Pods Resources */,
			);
			buildRules = (
			);
			dependencies = (
				AD3AA7E21D101A8300C70F82 /* PBXTargetDependency */,
			);
			name = "我的网易新闻UITests";
			productName = "我的网易新闻UITests";
			productReference = AD3AA7E01D101A8300C70F82 /* 我的网易新闻UITests.xctest */;
			productType = "com.apple.product-type.bundle.ui-testing";
		};
/* End PBXNativeTarget section */

/* Begin PBXProject section */
		AD3AA7B41D101A8300C70F82 /* Project object */ = {
			isa = PBXProject;
			attributes = {
				LastUpgradeCheck = 0720;
				ORGANIZATIONNAME = Marcello;
				TargetAttributes = {
					AD3AA7BB1D101A8300C70F82 = {
						CreatedOnToolsVersion = 7.2.1;
						DevelopmentTeam = HA79E8823H;
					};
					AD3AA7D41D101A8300C70F82 = {
						CreatedOnToolsVersion = 7.2.1;
						DevelopmentTeam = HA79E8823H;
						TestTargetID = AD3AA7BB1D101A8300C70F82;
					};
					AD3AA7DF1D101A8300C70F82 = {
						CreatedOnToolsVersion = 7.2.1;
						DevelopmentTeam = HA79E8823H;
						TestTargetID = AD3AA7BB1D101A8300C70F82;
					};
				};
			};
			buildConfigurationList = AD3AA7B71D101A8300C70F82 /* Build configuration list for PBXProject "我的网易新闻" */;
			compatibilityVersion = "Xcode 3.2";
			developmentRegion = English;
			hasScannedForEncodings = 0;
			knownRegions = (
				en,
				Base,
			);
			mainGroup = AD3AA7B31D101A8300C70F82;
			productRefGroup = AD3AA7BD1D101A8300C70F82 /* Products */;
			projectDirPath = "";
			projectRoot = "";
			targets = (
				AD3AA7BB1D101A8300C70F82 /* 我的网易新闻 */,
				AD3AA7D41D101A8300C70F82 /* 我的网易新闻Tests */,
				AD3AA7DF1D101A8300C70F82 /* 我的网易新闻UITests */,
			);
		};
/* End PBXProject section */

/* Begin PBXResourcesBuildPhase section */
		AD3AA7BA1D101A8300C70F82 /* Resources */ = {
			isa = PBXResourcesBuildPhase;
			buildActionMask = 2147483647;
			files = (
				AD0E84991D11A1B700F44B61 /* HMNewsCellThreeImage.xib in Resources */,
				AD3AA8561D1024AC00C70F82 /* topic_news.json in Resources */,
				AD0E84951D11932D00F44B61 /* HMNewsCell.xib in Resources */,
				AD3AA7CF1D101A8300C70F82 /* LaunchScreen.storyboard in Resources */,
				AD0E84971D119FB600F44B61 /* HMNewsBigImage.xib in Resources */,
				AD3AA7CC1D101A8300C70F82 /* Assets.xcassets in Resources */,
			);
			runOnlyForDeploymentPostprocessing = 0;
		};
		AD3AA7D31D101A8300C70F82 /* Resources */ = {
			isa = PBXResourcesBuildPhase;
			buildActionMask = 2147483647;
			files = (
			);
			runOnlyForDeploymentPostprocessing = 0;
		};
		AD3AA7DE1D101A8300C70F82 /* Resources */ = {
			isa = PBXResourcesBuildPhase;
			buildActionMask = 2147483647;
			files = (
			);
			runOnlyForDeploymentPostprocessing = 0;
		};
/* End PBXResourcesBuildPhase section */

/* Begin PBXShellScriptBuildPhase section */
		09B1D8C245D5796D87C2B162 /* [CP] Check Pods Manifest.lock */ = {
			isa = PBXShellScriptBuildPhase;
			buildActionMask = 2147483647;
			files = (
			);
			inputPaths = (
			);
			name = "[CP] Check Pods Manifest.lock";
			outputPaths = (
			);
			runOnlyForDeploymentPostprocessing = 0;
			shellPath = /bin/sh;
			shellScript = "diff \"${PODS_ROOT}/../Podfile.lock\" \"${PODS_ROOT}/Manifest.lock\" > /dev/null\nif [[ $? != 0 ]] ; then\n    cat << EOM\nerror: The sandbox is not in sync with the Podfile.lock. Run 'pod install' or update your CocoaPods installation.\nEOM\n    exit 1\nfi\n";
			showEnvVarsInLog = 0;
		};
		6BFAA794AFAFDE5BCDFD0DCE /* [CP] Check Pods Manifest.lock */ = {
			isa = PBXShellScriptBuildPhase;
			buildActionMask = 2147483647;
			files = (
			);
			inputPaths = (
			);
			name = "[CP] Check Pods Manifest.lock";
			outputPaths = (
			);
			runOnlyForDeploymentPostprocessing = 0;
			shellPath = /bin/sh;
			shellScript = "diff \"${PODS_ROOT}/../Podfile.lock\" \"${PODS_ROOT}/Manifest.lock\" > /dev/null\nif [[ $? != 0 ]] ; then\n    cat << EOM\nerror: The sandbox is not in sync with the Podfile.lock. Run 'pod install' or update your CocoaPods installation.\nEOM\n    exit 1\nfi\n";
			showEnvVarsInLog = 0;
		};
		7978493C893C1152AEE9B6F1 /* [CP] Copy Pods Resources */ = {
			isa = PBXShellScriptBuildPhase;
			buildActionMask = 2147483647;
			files = (
			);
			inputPaths = (
			);
			name = "[CP] Copy Pods Resources";
			outputPaths = (
			);
			runOnlyForDeploymentPostprocessing = 0;
			shellPath = /bin/sh;
			shellScript = "\"${SRCROOT}/Pods/Target Support Files/Pods-我的网易新闻UITests/Pods-我的网易新闻UITests-resources.sh\"\n";
			showEnvVarsInLog = 0;
		};
		AE7459FC5692429396E63D90 /* [CP] Copy Pods Resources */ = {
			isa = PBXShellScriptBuildPhase;
			buildActionMask = 2147483647;
			files = (
			);
			inputPaths = (
			);
			name = "[CP] Copy Pods Resources";
			outputPaths = (
			);
			runOnlyForDeploymentPostprocessing = 0;
			shellPath = /bin/sh;
			shellScript = "\"${SRCROOT}/Pods/Target Support Files/Pods-我的网易新闻/Pods-我的网易新闻-resources.sh\"\n";
			showEnvVarsInLog = 0;
		};
		B02530A263AB63453D5710AA /* [CP] Embed Pods Frameworks */ = {
			isa = PBXShellScriptBuildPhase;
			buildActionMask = 2147483647;
			files = (
			);
			inputPaths = (
			);
			name = "[CP] Embed Pods Frameworks";
			outputPaths = (
			);
			runOnlyForDeploymentPostprocessing = 0;
			shellPath = /bin/sh;
			shellScript = "\"${SRCROOT}/Pods/Target Support Files/Pods-我的网易新闻Tests/Pods-我的网易新闻Tests-frameworks.sh\"\n";
			showEnvVarsInLog = 0;
		};
		C65AF52A4D6713F1243CFAB6 /* [CP] Embed Pods Frameworks */ = {
			isa = PBXShellScriptBuildPhase;
			buildActionMask = 2147483647;
			files = (
			);
			inputPaths = (
			);
			name = "[CP] Embed Pods Frameworks";
			outputPaths = (
			);
			runOnlyForDeploymentPostprocessing = 0;
			shellPath = /bin/sh;
			shellScript = "\"${SRCROOT}/Pods/Target Support Files/Pods-我的网易新闻/Pods-我的网易新闻-frameworks.sh\"\n";
			showEnvVarsInLog = 0;
		};
		C7D642AA9B9AB882B5FB1777 /* [CP] Copy Pods Resources */ = {
			isa = PBXShellScriptBuildPhase;
			buildActionMask = 2147483647;
			files = (
			);
			inputPaths = (
			);
			name = "[CP] Copy Pods Resources";
			outputPaths = (
			);
			runOnlyForDeploymentPostprocessing = 0;
			shellPath = /bin/sh;
			shellScript = "\"${SRCROOT}/Pods/Target Support Files/Pods-我的网易新闻Tests/Pods-我的网易新闻Tests-resources.sh\"\n";
			showEnvVarsInLog = 0;
		};
		FF7FB9E2EFE1FD4FEF98C614 /* [CP] Check Pods Manifest.lock */ = {
			isa = PBXShellScriptBuildPhase;
			buildActionMask = 2147483647;
			files = (
			);
			inputPaths = (
			);
			name = "[CP] Check Pods Manifest.lock";
			outputPaths = (
			);
			runOnlyForDeploymentPostprocessing = 0;
			shellPath = /bin/sh;
			shellScript = "diff \"${PODS_ROOT}/../Podfile.lock\" \"${PODS_ROOT}/Manifest.lock\" > /dev/null\nif [[ $? != 0 ]] ; then\n    cat << EOM\nerror: The sandbox is not in sync with the Podfile.lock. Run 'pod install' or update your CocoaPods installation.\nEOM\n    exit 1\nfi\n";
			showEnvVarsInLog = 0;
		};
/* End PBXShellScriptBuildPhase section */

/* Begin PBXSourcesBuildPhase section */
		AD3AA7B81D101A8300C70F82 /* Sources */ = {
			isa = PBXSourcesBuildPhase;
			buildActionMask = 2147483647;
			files = (
				AD3AA8541D10216700C70F82 /* NSObject+Log.m in Sources */,
				AD3AA8031D101DE000C70F82 /* HMNavigationController.m in Sources */,
				AD3AA8061D101EB800C70F82 /* HMHeadLineController.m in Sources */,
				AD3AA7C41D101A8300C70F82 /* AppDelegate.m in Sources */,
				AD0E84401D10FB8B00F44B61 /* HMLoop.m in Sources */,
				AD0E84901D11915500F44B61 /* HMNews.m in Sources */,
				AD3AA8591D10252600C70F82 /* HMChannel.m in Sources */,
				AD0E848D1D112BEE00F44B61 /* HMCollectionViewCell.m in Sources */,
				AD3AA85C1D102E6900C70F82 /* HMLable.m in Sources */,
				AD0E84941D11932D00F44B61 /* HMNewsCell.m in Sources */,
				AD3AA7C11D101A8300C70F82 /* main.m in Sources */,
				AD0E843D1D10F9A500F44B61 /* HMNetworkTool.m in Sources */,
				AD0E848A1D11298100F44B61 /* HMCollectionViewFlowLayout.m in Sources */,
				AD3AA80A1D101FE700C70F82 /* HMMainViewController.m in Sources */,
				AD0E843A1D10F7DA00F44B61 /* HMLoopView.m in Sources */,
			);
			runOnlyForDeploymentPostprocessing = 0;
		};
		AD3AA7D11D101A8300C70F82 /* Sources */ = {
			isa = PBXSourcesBuildPhase;
			buildActionMask = 2147483647;
			files = (
				AD3AA7DA1D101A8300C70F82 /* ______Tests.m in Sources */,
			);
			runOnlyForDeploymentPostprocessing = 0;
		};
		AD3AA7DC1D101A8300C70F82 /* Sources */ = {
			isa = PBXSourcesBuildPhase;
			buildActionMask = 2147483647;
			files = (
				AD3AA7E51D101A8300C70F82 /* ______UITests.m in Sources */,
			);
			runOnlyForDeploymentPostprocessing = 0;
		};
/* End PBXSourcesBuildPhase section */

/* Begin PBXTargetDependency section */
		AD3AA7D71D101A8300C70F82 /* PBXTargetDependency */ = {
			isa = PBXTargetDependency;
			target = AD3AA7BB1D101A8300C70F82 /* 我的网易新闻 */;
			targetProxy = AD3AA7D61D101A8300C70F82 /* PBXContainerItemProxy */;
		};
		AD3AA7E21D101A8300C70F82 /* PBXTargetDependency */ = {
			isa = PBXTargetDependency;
			target = AD3AA7BB1D101A8300C70F82 /* 我的网易新闻 */;
			targetProxy = AD3AA7E11D101A8300C70F82 /* PBXContainerItemProxy */;
		};
/* End PBXTargetDependency section */

/* Begin PBXVariantGroup section */
		AD3AA7CD1D101A8300C70F82 /* LaunchScreen.storyboard */ = {
			isa = PBXVariantGroup;
			children = (
				AD3AA7CE1D101A8300C70F82 /* Base */,
			);
			name = LaunchScreen.storyboard;
			sourceTree = "<group>";
		};
/* End PBXVariantGroup section */

/* Begin XCBuildConfiguration section */
		AD3AA7E71D101A8300C70F82 /* Debug */ = {
			isa = XCBuildConfiguration;
			buildSettings = {
				ALWAYS_SEARCH_USER_PATHS = NO;
				CLANG_CXX_LANGUAGE_STANDARD = "gnu++0x";
				CLANG_CXX_LIBRARY = "libc++";
				CLANG_ENABLE_MODULES = YES;
				CLANG_ENABLE_OBJC_ARC = YES;
				CLANG_WARN_BOOL_CONVERSION = YES;
				CLANG_WARN_CONSTANT_CONVERSION = YES;
				CLANG_WARN_DIRECT_OBJC_ISA_USAGE = YES_ERROR;
				CLANG_WARN_EMPTY_BODY = YES;
				CLANG_WARN_ENUM_CONVERSION = YES;
				CLANG_WARN_INT_CONVERSION = YES;
				CLANG_WARN_OBJC_ROOT_CLASS = YES_ERROR;
				CLANG_WARN_UNREACHABLE_CODE = YES;
				CLANG_WARN__DUPLICATE_METHOD_MATCH = YES;
				"CODE_SIGN_IDENTITY[sdk=iphoneos*]" = "iPhone Developer";
				COPY_PHASE_STRIP = NO;
				DEBUG_INFORMATION_FORMAT = dwarf;
				ENABLE_STRICT_OBJC_MSGSEND = YES;
				ENABLE_TESTABILITY = YES;
				GCC_C_LANGUAGE_STANDARD = gnu99;
				GCC_DYNAMIC_NO_PIC = NO;
				GCC_NO_COMMON_BLOCKS = YES;
				GCC_OPTIMIZATION_LEVEL = 0;
				GCC_PREPROCESSOR_DEFINITIONS = (
					"DEBUG=1",
					"$(inherited)",
				);
				GCC_WARN_64_TO_32_BIT_CONVERSION = YES;
				GCC_WARN_ABOUT_RETURN_TYPE = YES_ERROR;
				GCC_WARN_UNDECLARED_SELECTOR = YES;
				GCC_WARN_UNINITIALIZED_AUTOS = YES_AGGRESSIVE;
				GCC_WARN_UNUSED_FUNCTION = YES;
				GCC_WARN_UNUSED_VARIABLE = YES;
				IPHONEOS_DEPLOYMENT_TARGET = 9.2;
				MTL_ENABLE_DEBUG_INFO = YES;
				ONLY_ACTIVE_ARCH = YES;
				SDKROOT = iphoneos;
				TARGETED_DEVICE_FAMILY = "1,2";
			};
			name = Debug;
		};
		AD3AA7E81D101A8300C70F82 /* Release */ = {
			isa = XCBuildConfiguration;
			buildSettings = {
				ALWAYS_SEARCH_USER_PATHS = NO;
				CLANG_CXX_LANGUAGE_STANDARD = "gnu++0x";
				CLANG_CXX_LIBRARY = "libc++";
				CLANG_ENABLE_MODULES = YES;
				CLANG_ENABLE_OBJC_ARC = YES;
				CLANG_WARN_BOOL_CONVERSION = YES;
				CLANG_WARN_CONSTANT_CONVERSION = YES;
				CLANG_WARN_DIRECT_OBJC_ISA_USAGE = YES_ERROR;
				CLANG_WARN_EMPTY_BODY = YES;
				CLANG_WARN_ENUM_CONVERSION = YES;
				CLANG_WARN_INT_CONVERSION = YES;
				CLANG_WARN_OBJC_ROOT_CLASS = YES_ERROR;
				CLANG_WARN_UNREACHABLE_CODE = YES;
				CLANG_WARN__DUPLICATE_METHOD_MATCH = YES;
				"CODE_SIGN_IDENTITY[sdk=iphoneos*]" = "iPhone Developer";
				COPY_PHASE_STRIP = NO;
				DEBUG_INFORMATION_FORMAT = "dwarf-with-dsym";
				ENABLE_NS_ASSERTIONS = NO;
				ENABLE_STRICT_OBJC_MSGSEND = YES;
				GCC_C_LANGUAGE_STANDARD = gnu99;
				GCC_NO_COMMON_BLOCKS = YES;
				GCC_WARN_64_TO_32_BIT_CONVERSION = YES;
				GCC_WARN_ABOUT_RETURN_TYPE = YES_ERROR;
				GCC_WARN_UNDECLARED_SELECTOR = YES;
				GCC_WARN_UNINITIALIZED_AUTOS = YES_AGGRESSIVE;
				GCC_WARN_UNUSED_FUNCTION = YES;
				GCC_WARN_UNUSED_VARIABLE = YES;
				IPHONEOS_DEPLOYMENT_TARGET = 9.2;
				MTL_ENABLE_DEBUG_INFO = NO;
				SDKROOT = iphoneos;
				TARGETED_DEVICE_FAMILY = "1,2";
				VALIDATE_PRODUCT = YES;
			};
			name = Release;
		};
		AD3AA7EA1D101A8300C70F82 /* Debug */ = {
			isa = XCBuildConfiguration;
			baseConfigurationReference = FF0AF4B5DDE8A6A3A8316CE6 /* Pods-我的网易新闻.debug.xcconfig */;
			buildSettings = {
				ASSETCATALOG_COMPILER_APPICON_NAME = AppIcon;
				INFOPLIST_FILE = "我的网易新闻/Info.plist";
				LD_RUNPATH_SEARCH_PATHS = "$(inherited) @executable_path/Frameworks";
				PRODUCT_BUNDLE_IDENTIFIER = "itheima.com.------";
				PRODUCT_NAME = "$(TARGET_NAME)";
			};
			name = Debug;
		};
		AD3AA7EB1D101A8300C70F82 /* Release */ = {
			isa = XCBuildConfiguration;
			baseConfigurationReference = 9D10E3A5FB6272E5B65383A9 /* Pods-我的网易新闻.release.xcconfig */;
			buildSettings = {
				ASSETCATALOG_COMPILER_APPICON_NAME = AppIcon;
				INFOPLIST_FILE = "我的网易新闻/Info.plist";
				LD_RUNPATH_SEARCH_PATHS = "$(inherited) @executable_path/Frameworks";
				PRODUCT_BUNDLE_IDENTIFIER = "itheima.com.------";
				PRODUCT_NAME = "$(TARGET_NAME)";
			};
			name = Release;
		};
		AD3AA7ED1D101A8300C70F82 /* Debug */ = {
			isa = XCBuildConfiguration;
			baseConfigurationReference = 74C75FFE79011CFC5B22B05A /* Pods-我的网易新闻Tests.debug.xcconfig */;
			buildSettings = {
				BUNDLE_LOADER = "$(TEST_HOST)";
				INFOPLIST_FILE = "我的网易新闻Tests/Info.plist";
				LD_RUNPATH_SEARCH_PATHS = "$(inherited) @executable_path/Frameworks @loader_path/Frameworks";
				PRODUCT_BUNDLE_IDENTIFIER = "itheima.com.------Tests";
				PRODUCT_NAME = "$(TARGET_NAME)";
				TEST_HOST = "$(BUILT_PRODUCTS_DIR)/我的网易新闻.app/我的网易新闻";
			};
			name = Debug;
		};
		AD3AA7EE1D101A8300C70F82 /* Release */ = {
			isa = XCBuildConfiguration;
			baseConfigurationReference = F07526801BEADCB44ED5FB82 /* Pods-我的网易新闻Tests.release.xcconfig */;
			buildSettings = {
				BUNDLE_LOADER = "$(TEST_HOST)";
				INFOPLIST_FILE = "我的网易新闻Tests/Info.plist";
				LD_RUNPATH_SEARCH_PATHS = "$(inherited) @executable_path/Frameworks @loader_path/Frameworks";
				PRODUCT_BUNDLE_IDENTIFIER = "itheima.com.------Tests";
				PRODUCT_NAME = "$(TARGET_NAME)";
				TEST_HOST = "$(BUILT_PRODUCTS_DIR)/我的网易新闻.app/我的网易新闻";
			};
			name = Release;
		};
		AD3AA7F01D101A8300C70F82 /* Debug */ = {
			isa = XCBuildConfiguration;
			baseConfigurationReference = 549ABE7E72056E4244A8685C /* Pods-我的网易新闻UITests.debug.xcconfig */;
			buildSettings = {
				INFOPLIST_FILE = "我的网易新闻UITests/Info.plist";
				LD_RUNPATH_SEARCH_PATHS = "$(inherited) @executable_path/Frameworks @loader_path/Frameworks";
				PRODUCT_BUNDLE_IDENTIFIER = "itheima.com.------UITests";
				PRODUCT_NAME = "$(TARGET_NAME)";
				TEST_TARGET_NAME = "我的网易新闻";
				USES_XCTRUNNER = YES;
			};
			name = Debug;
		};
		AD3AA7F11D101A8300C70F82 /* Release */ = {
			isa = XCBuildConfiguration;
			baseConfigurationReference = B6ADE40AD1843EC3BD5DB9F4 /* Pods-我的网易新闻UITests.release.xcconfig */;
			buildSettings = {
				INFOPLIST_FILE = "我的网易新闻UITests/Info.plist";
				LD_RUNPATH_SEARCH_PATHS = "$(inherited) @executable_path/Frameworks @loader_path/Frameworks";
				PRODUCT_BUNDLE_IDENTIFIER = "itheima.com.------UITests";
				PRODUCT_NAME = "$(TARGET_NAME)";
				TEST_TARGET_NAME = "我的网易新闻";
				USES_XCTRUNNER = YES;
			};
			name = Release;
		};
/* End XCBuildConfiguration section */

/* Begin XCConfigurationList section */
		AD3AA7B71D101A8300C70F82 /* Build configuration list for PBXProject "我的网易新闻" */ = {
			isa = XCConfigurationList;
			buildConfigurations = (
				AD3AA7E71D101A8300C70F82 /* Debug */,
				AD3AA7E81D101A8300C70F82 /* Release */,
			);
			defaultConfigurationIsVisible = 0;
			defaultConfigurationName = Release;
		};
		AD3AA7E91D101A8300C70F82 /* Build configuration list for PBXNativeTarget "我的网易新闻" */ = {
			isa = XCConfigurationList;
			buildConfigurations = (
				AD3AA7EA1D101A8300C70F82 /* Debug */,
				AD3AA7EB1D101A8300C70F82 /* Release */,
			);
			defaultConfigurationIsVisible = 0;
			defaultConfigurationName = Release;
		};
		AD3AA7EC1D101A8300C70F82 /* Build configuration list for PBXNativeTarget "我的网易新闻Tests" */ = {
			isa = XCConfigurationList;
			buildConfigurations = (
				AD3AA7ED1D101A8300C70F82 /* Debug */,
				AD3AA7EE1D101A8300C70F82 /* Release */,
			);
			defaultConfigurationIsVisible = 0;
			defaultConfigurationName = Release;
		};
		AD3AA7EF1D101A8300C70F82 /* Build configuration list for PBXNativeTarget "我的网易新闻UITests" */ = {
			isa = XCConfigurationList;
			buildConfigurations = (
				AD3AA7F01D101A8300C70F82 /* Debug */,
				AD3AA7F11D101A8300C70F82 /* Release */,
			);
			defaultConfigurationIsVisible = 0;
			defaultConfigurationName = Release;
		};
/* End XCConfigurationList section */
	};
	rootObject = AD3AA7B41D101A8300C70F82 /* Project object */;
}
